// !$*UTF8*$!
{
	archiveVersion = 1;
	classes = {
	};
	objectVersion = 46;
	objects = {

/* Begin PBXBuildFile section */
		AB18CC291B9C93C300C1807F /* stars.jpg in Resources */ = {isa = PBXBuildFile; fileRef = AB18CC281B9C93C300C1807F /* stars.jpg */; };
		AB18CC2B1B9DFB5800C1807F /* GameKit.framework in Frameworks */ = {isa = PBXBuildFile; fileRef = AB18CC2A1B9DFB5800C1807F /* GameKit.framework */; };
		AB18CC2F1B9E09C300C1807F /* ACLoadGameViewController.m in Sources */ = {isa = PBXBuildFile; fileRef = AB18CC2E1B9E09C300C1807F /* ACLoadGameViewController.m */; };
		AB18CC321B9E32F600C1807F /* ACFleet.m in Sources */ = {isa = PBXBuildFile; fileRef = AB18CC311B9E32F600C1807F /* ACFleet.m */; };
		AB18CC351B9E331D00C1807F /* ACShip.m in Sources */ = {isa = PBXBuildFile; fileRef = AB18CC341B9E331D00C1807F /* ACShip.m */; };
		AB18CC381B9E3A6C00C1807F /* Fighter.ship in Resources */ = {isa = PBXBuildFile; fileRef = AB18CC371B9E3A6C00C1807F /* Fighter.ship */; };
		AB18CC3C1B9E5B0300C1807F /* rocky-1.jpg in Resources */ = {isa = PBXBuildFile; fileRef = AB18CC3B1B9E5B0300C1807F /* rocky-1.jpg */; };
		AB18CC401B9E5F3D00C1807F /* VYCanisMajoris.star in Resources */ = {isa = PBXBuildFile; fileRef = AB18CC3F1B9E5F3D00C1807F /* VYCanisMajoris.star */; };
		AB18CC421B9E5F8600C1807F /* Betelgeuse.star in Resources */ = {isa = PBXBuildFile; fileRef = AB18CC411B9E5F8600C1807F /* Betelgeuse.star */; };
		AB18CC441B9E5FC500C1807F /* AlphaCentauri.star in Resources */ = {isa = PBXBuildFile; fileRef = AB18CC431B9E5FC500C1807F /* AlphaCentauri.star */; };
		AB227C001B9BF765003880CF /* MilkyWay.galaxy in Resources */ = {isa = PBXBuildFile; fileRef = AB227BFF1B9BF765003880CF /* MilkyWay.galaxy */; };
		AB227C031B9BFB8B003880CF /* ACInfoNode.m in Sources */ = {isa = PBXBuildFile; fileRef = AB227C021B9BFB8B003880CF /* ACInfoNode.m */; };
		AB2AB13F1B9940A800D7A8B6 /* main.m in Sources */ = {isa = PBXBuildFile; fileRef = AB2AB13E1B9940A800D7A8B6 /* main.m */; };
		AB2AB1421B9940A800D7A8B6 /* AppDelegate.m in Sources */ = {isa = PBXBuildFile; fileRef = AB2AB1411B9940A800D7A8B6 /* AppDelegate.m */; };
		AB2AB14F1B9940A900D7A8B6 /* Images.xcassets in Resources */ = {isa = PBXBuildFile; fileRef = AB2AB14E1B9940A900D7A8B6 /* Images.xcassets */; };
		AB2AB1521B9940A900D7A8B6 /* LaunchScreen.xib in Resources */ = {isa = PBXBuildFile; fileRef = AB2AB1501B9940A900D7A8B6 /* LaunchScreen.xib */; };
		AB2AB1691B9A1FC700D7A8B6 /* ACPlayer.m in Sources */ = {isa = PBXBuildFile; fileRef = AB2AB1681B9A1FC700D7A8B6 /* ACPlayer.m */; };
		AB2AB16C1B9A200100D7A8B6 /* ACMainMenuScene.m in Sources */ = {isa = PBXBuildFile; fileRef = AB2AB16B1B9A200100D7A8B6 /* ACMainMenuScene.m */; };
		AB2AB1701B9A202A00D7A8B6 /* ACGalaxyScene.m in Sources */ = {isa = PBXBuildFile; fileRef = AB2AB16F1B9A202A00D7A8B6 /* ACGalaxyScene.m */; };
		AB2AB1731B9A203F00D7A8B6 /* ACStarSystemScene.m in Sources */ = {isa = PBXBuildFile; fileRef = AB2AB1721B9A203F00D7A8B6 /* ACStarSystemScene.m */; };
		AB2AB1761B9A205F00D7A8B6 /* ACPlanetScene.m in Sources */ = {isa = PBXBuildFile; fileRef = AB2AB1751B9A205F00D7A8B6 /* ACPlanetScene.m */; };
		AB2AB1791B9A207200D7A8B6 /* ACSpaceBattleScene.m in Sources */ = {isa = PBXBuildFile; fileRef = AB2AB1781B9A207200D7A8B6 /* ACSpaceBattleScene.m */; };
		AB2AB17C1B9A208B00D7A8B6 /* ACLandBattleScene.m in Sources */ = {isa = PBXBuildFile; fileRef = AB2AB17B1B9A208B00D7A8B6 /* ACLandBattleScene.m */; };
		AB2AB1801B9A214200D7A8B6 /* ACPlanetNode.m in Sources */ = {isa = PBXBuildFile; fileRef = AB2AB17F1B9A214200D7A8B6 /* ACPlanetNode.m */; };
		AB2AB1831B9A255B00D7A8B6 /* ACStarNode.m in Sources */ = {isa = PBXBuildFile; fileRef = AB2AB1821B9A255B00D7A8B6 /* ACStarNode.m */; };
		AB2AB1861B9A256900D7A8B6 /* ACGalaxyNode.m in Sources */ = {isa = PBXBuildFile; fileRef = AB2AB1851B9A256900D7A8B6 /* ACGalaxyNode.m */; };
		AB2AB1891B9A257800D7A8B6 /* ACShipNode.m in Sources */ = {isa = PBXBuildFile; fileRef = AB2AB1881B9A257800D7A8B6 /* ACShipNode.m */; };
		AB2AB18C1B9A258C00D7A8B6 /* ACTroopCarrierShipNode.m in Sources */ = {isa = PBXBuildFile; fileRef = AB2AB18B1B9A258C00D7A8B6 /* ACTroopCarrierShipNode.m */; };
		AB2AB1901B9A25A900D7A8B6 /* ACFleetNode.m in Sources */ = {isa = PBXBuildFile; fileRef = AB2AB18F1B9A25A900D7A8B6 /* ACFleetNode.m */; };
		AB2AB1931B9A25CB00D7A8B6 /* ACGameViewController.m in Sources */ = {isa = PBXBuildFile; fileRef = AB2AB1921B9A25CB00D7A8B6 /* ACGameViewController.m */; };
		AB2AB1961B9A720500D7A8B6 /* ACGame.m in Sources */ = {isa = PBXBuildFile; fileRef = AB2AB1951B9A720500D7A8B6 /* ACGame.m */; };
		AB2AB1D21B9A751700D7A8B6 /* button@2x.png in Resources */ = {isa = PBXBuildFile; fileRef = AB2AB1D11B9A751700D7A8B6 /* button@2x.png */; };
		AB2AB1D51B9A754900D7A8B6 /* ACButtonNode.m in Sources */ = {isa = PBXBuildFile; fileRef = AB2AB1D41B9A754900D7A8B6 /* ACButtonNode.m */; };
		AB2AB1D81B9A85B200D7A8B6 /* ACLoadGameScene.m in Sources */ = {isa = PBXBuildFile; fileRef = AB2AB1D71B9A85B200D7A8B6 /* ACLoadGameScene.m */; };
		AB2AB1DC1B9A8A8700D7A8B6 /* ACPlanet.m in Sources */ = {isa = PBXBuildFile; fileRef = AB2AB1DB1B9A8A8700D7A8B6 /* ACPlanet.m */; };
		AB2AB1DF1B9A8A9D00D7A8B6 /* ACGalaxy.m in Sources */ = {isa = PBXBuildFile; fileRef = AB2AB1DE1B9A8A9D00D7A8B6 /* ACGalaxy.m */; };
		AB2AB1E21B9A8AAB00D7A8B6 /* ACStar.m in Sources */ = {isa = PBXBuildFile; fileRef = AB2AB1E11B9A8AAB00D7A8B6 /* ACStar.m */; };
		AB2AB1E41B9A974700D7A8B6 /* spiral-1.png in Resources */ = {isa = PBXBuildFile; fileRef = AB2AB1E31B9A974700D7A8B6 /* spiral-1.png */; };
		AB2AB1E91B9A9CFC00D7A8B6 /* ACStarMapParticle.sks in Resources */ = {isa = PBXBuildFile; fileRef = AB2AB1E71B9A9CFC00D7A8B6 /* ACStarMapParticle.sks */; };
		AB2AB1EA1B9A9CFC00D7A8B6 /* spark.png in Resources */ = {isa = PBXBuildFile; fileRef = AB2AB1E81B9A9CFC00D7A8B6 /* spark.png */; };
		AB2AB1ED1B9AA33600D7A8B6 /* ACStarMapNode.m in Sources */ = {isa = PBXBuildFile; fileRef = AB2AB1EC1B9AA33600D7A8B6 /* ACStarMapNode.m */; };
		AB2AB1EF1B9B3E5900D7A8B6 /* ACStar.sks in Resources */ = {isa = PBXBuildFile; fileRef = AB2AB1EE1B9B3E5900D7A8B6 /* ACStar.sks */; };
		AB2AB1F11B9B491F00D7A8B6 /* gas-1.png in Resources */ = {isa = PBXBuildFile; fileRef = AB2AB1F01B9B491F00D7A8B6 /* gas-1.png */; };
		ABADCA9D1B9E6B4B007F9117 /* rocky-2.jpg in Resources */ = {isa = PBXBuildFile; fileRef = ABADCA9C1B9E6B4B007F9117 /* rocky-2.jpg */; };
/* End PBXBuildFile section */

/* Begin PBXFileReference section */
		AB18CC281B9C93C300C1807F /* stars.jpg */ = {isa = PBXFileReference; lastKnownFileType = image.jpeg; name = stars.jpg; path = Assets/stars.jpg; sourceTree = SOURCE_ROOT; };
		AB18CC2A1B9DFB5800C1807F /* GameKit.framework */ = {isa = PBXFileReference; lastKnownFileType = wrapper.framework; name = GameKit.framework; path = System/Library/Frameworks/GameKit.framework; sourceTree = SDKROOT; };
		AB18CC2D1B9E09C300C1807F /* ACLoadGameViewController.h */ = {isa = PBXFileReference; fileEncoding = 4; lastKnownFileType = sourcecode.c.h; path = ACLoadGameViewController.h; sourceTree = "<group>"; };
		AB18CC2E1B9E09C300C1807F /* ACLoadGameViewController.m */ = {isa = PBXFileReference; fileEncoding = 4; lastKnownFileType = sourcecode.c.objc; path = ACLoadGameViewController.m; sourceTree = "<group>"; };
		AB18CC301B9E32F600C1807F /* ACFleet.h */ = {isa = PBXFileReference; fileEncoding = 4; lastKnownFileType = sourcecode.c.h; path = ACFleet.h; sourceTree = "<group>"; };
		AB18CC311B9E32F600C1807F /* ACFleet.m */ = {isa = PBXFileReference; fileEncoding = 4; lastKnownFileType = sourcecode.c.objc; path = ACFleet.m; sourceTree = "<group>"; };
		AB18CC331B9E331D00C1807F /* ACShip.h */ = {isa = PBXFileReference; fileEncoding = 4; lastKnownFileType = sourcecode.c.h; path = ACShip.h; sourceTree = "<group>"; };
		AB18CC341B9E331D00C1807F /* ACShip.m */ = {isa = PBXFileReference; fileEncoding = 4; lastKnownFileType = sourcecode.c.objc; path = ACShip.m; sourceTree = "<group>"; };
		AB18CC371B9E3A6C00C1807F /* Fighter.ship */ = {isa = PBXFileReference; explicitFileType = text.json; fileEncoding = 4; path = Fighter.ship; sourceTree = "<group>"; };
		AB18CC3B1B9E5B0300C1807F /* rocky-1.jpg */ = {isa = PBXFileReference; lastKnownFileType = image.jpeg; name = "rocky-1.jpg"; path = "../Assets/rocky-1.jpg"; sourceTree = "<group>"; };
		AB18CC3F1B9E5F3D00C1807F /* VYCanisMajoris.star */ = {isa = PBXFileReference; explicitFileType = text.json; fileEncoding = 4; path = VYCanisMajoris.star; sourceTree = "<group>"; };
		AB18CC411B9E5F8600C1807F /* Betelgeuse.star */ = {isa = PBXFileReference; explicitFileType = text.json; fileEncoding = 4; path = Betelgeuse.star; sourceTree = "<group>"; };
		AB18CC431B9E5FC500C1807F /* AlphaCentauri.star */ = {isa = PBXFileReference; explicitFileType = text.json; fileEncoding = 4; path = AlphaCentauri.star; sourceTree = "<group>"; };
		AB227BFF1B9BF765003880CF /* MilkyWay.galaxy */ = {isa = PBXFileReference; explicitFileType = text.json; fileEncoding = 4; path = MilkyWay.galaxy; sourceTree = "<group>"; };
		AB227C011B9BFB8B003880CF /* ACInfoNode.h */ = {isa = PBXFileReference; fileEncoding = 4; lastKnownFileType = sourcecode.c.h; path = ACInfoNode.h; sourceTree = "<group>"; };
		AB227C021B9BFB8B003880CF /* ACInfoNode.m */ = {isa = PBXFileReference; fileEncoding = 4; lastKnownFileType = sourcecode.c.objc; lineEnding = 0; path = ACInfoNode.m; sourceTree = "<group>"; };
		AB2AB1391B9940A800D7A8B6 /* Galactic Conquest.app */ = {isa = PBXFileReference; explicitFileType = wrapper.application; includeInIndex = 0; path = "Galactic Conquest.app"; sourceTree = BUILT_PRODUCTS_DIR; };
		AB2AB13D1B9940A800D7A8B6 /* Info.plist */ = {isa = PBXFileReference; lastKnownFileType = text.plist.xml; path = Info.plist; sourceTree = "<group>"; };
		AB2AB13E1B9940A800D7A8B6 /* main.m */ = {isa = PBXFileReference; lastKnownFileType = sourcecode.c.objc; path = main.m; sourceTree = "<group>"; };
		AB2AB1401B9940A800D7A8B6 /* AppDelegate.h */ = {isa = PBXFileReference; lastKnownFileType = sourcecode.c.h; path = AppDelegate.h; sourceTree = "<group>"; };
		AB2AB1411B9940A800D7A8B6 /* AppDelegate.m */ = {isa = PBXFileReference; lastKnownFileType = sourcecode.c.objc; path = AppDelegate.m; sourceTree = "<group>"; };
		AB2AB14E1B9940A900D7A8B6 /* Images.xcassets */ = {isa = PBXFileReference; lastKnownFileType = folder.assetcatalog; path = Images.xcassets; sourceTree = "<group>"; };
		AB2AB1511B9940A900D7A8B6 /* Base */ = {isa = PBXFileReference; lastKnownFileType = file.xib; name = Base; path = Base.lproj/LaunchScreen.xib; sourceTree = "<group>"; };
		AB2AB1671B9A1FC700D7A8B6 /* ACPlayer.h */ = {isa = PBXFileReference; fileEncoding = 4; lastKnownFileType = sourcecode.c.h; path = ACPlayer.h; sourceTree = "<group>"; };
		AB2AB1681B9A1FC700D7A8B6 /* ACPlayer.m */ = {isa = PBXFileReference; fileEncoding = 4; lastKnownFileType = sourcecode.c.objc; path = ACPlayer.m; sourceTree = "<group>"; };
		AB2AB16A1B9A200100D7A8B6 /* ACMainMenuScene.h */ = {isa = PBXFileReference; fileEncoding = 4; lastKnownFileType = sourcecode.c.h; path = ACMainMenuScene.h; sourceTree = "<group>"; };
		AB2AB16B1B9A200100D7A8B6 /* ACMainMenuScene.m */ = {isa = PBXFileReference; fileEncoding = 4; lastKnownFileType = sourcecode.c.objc; path = ACMainMenuScene.m; sourceTree = "<group>"; };
		AB2AB16E1B9A202A00D7A8B6 /* ACGalaxyScene.h */ = {isa = PBXFileReference; fileEncoding = 4; lastKnownFileType = sourcecode.c.h; path = ACGalaxyScene.h; sourceTree = "<group>"; };
		AB2AB16F1B9A202A00D7A8B6 /* ACGalaxyScene.m */ = {isa = PBXFileReference; fileEncoding = 4; lastKnownFileType = sourcecode.c.objc; path = ACGalaxyScene.m; sourceTree = "<group>"; };
		AB2AB1711B9A203F00D7A8B6 /* ACStarSystemScene.h */ = {isa = PBXFileReference; fileEncoding = 4; lastKnownFileType = sourcecode.c.h; path = ACStarSystemScene.h; sourceTree = "<group>"; };
		AB2AB1721B9A203F00D7A8B6 /* ACStarSystemScene.m */ = {isa = PBXFileReference; fileEncoding = 4; lastKnownFileType = sourcecode.c.objc; path = ACStarSystemScene.m; sourceTree = "<group>"; };
		AB2AB1741B9A205F00D7A8B6 /* ACPlanetScene.h */ = {isa = PBXFileReference; fileEncoding = 4; lastKnownFileType = sourcecode.c.h; path = ACPlanetScene.h; sourceTree = "<group>"; };
		AB2AB1751B9A205F00D7A8B6 /* ACPlanetScene.m */ = {isa = PBXFileReference; fileEncoding = 4; lastKnownFileType = sourcecode.c.objc; path = ACPlanetScene.m; sourceTree = "<group>"; };
		AB2AB1771B9A207200D7A8B6 /* ACSpaceBattleScene.h */ = {isa = PBXFileReference; fileEncoding = 4; lastKnownFileType = sourcecode.c.h; path = ACSpaceBattleScene.h; sourceTree = "<group>"; };
		AB2AB1781B9A207200D7A8B6 /* ACSpaceBattleScene.m */ = {isa = PBXFileReference; fileEncoding = 4; lastKnownFileType = sourcecode.c.objc; path = ACSpaceBattleScene.m; sourceTree = "<group>"; };
		AB2AB17A1B9A208B00D7A8B6 /* ACLandBattleScene.h */ = {isa = PBXFileReference; fileEncoding = 4; lastKnownFileType = sourcecode.c.h; path = ACLandBattleScene.h; sourceTree = "<group>"; };
		AB2AB17B1B9A208B00D7A8B6 /* ACLandBattleScene.m */ = {isa = PBXFileReference; fileEncoding = 4; lastKnownFileType = sourcecode.c.objc; path = ACLandBattleScene.m; sourceTree = "<group>"; };
		AB2AB17E1B9A214200D7A8B6 /* ACPlanetNode.h */ = {isa = PBXFileReference; fileEncoding = 4; lastKnownFileType = sourcecode.c.h; path = ACPlanetNode.h; sourceTree = "<group>"; };
		AB2AB17F1B9A214200D7A8B6 /* ACPlanetNode.m */ = {isa = PBXFileReference; fileEncoding = 4; lastKnownFileType = sourcecode.c.objc; path = ACPlanetNode.m; sourceTree = "<group>"; };
		AB2AB1811B9A255B00D7A8B6 /* ACStarNode.h */ = {isa = PBXFileReference; fileEncoding = 4; lastKnownFileType = sourcecode.c.h; path = ACStarNode.h; sourceTree = "<group>"; };
		AB2AB1821B9A255B00D7A8B6 /* ACStarNode.m */ = {isa = PBXFileReference; fileEncoding = 4; lastKnownFileType = sourcecode.c.objc; path = ACStarNode.m; sourceTree = "<group>"; };
		AB2AB1841B9A256900D7A8B6 /* ACGalaxyNode.h */ = {isa = PBXFileReference; fileEncoding = 4; lastKnownFileType = sourcecode.c.h; path = ACGalaxyNode.h; sourceTree = "<group>"; };
		AB2AB1851B9A256900D7A8B6 /* ACGalaxyNode.m */ = {isa = PBXFileReference; fileEncoding = 4; lastKnownFileType = sourcecode.c.objc; path = ACGalaxyNode.m; sourceTree = "<group>"; };
		AB2AB1871B9A257800D7A8B6 /* ACShipNode.h */ = {isa = PBXFileReference; fileEncoding = 4; lastKnownFileType = sourcecode.c.h; path = ACShipNode.h; sourceTree = "<group>"; };
		AB2AB1881B9A257800D7A8B6 /* ACShipNode.m */ = {isa = PBXFileReference; fileEncoding = 4; lastKnownFileType = sourcecode.c.objc; path = ACShipNode.m; sourceTree = "<group>"; };
		AB2AB18A1B9A258C00D7A8B6 /* ACTroopCarrierShipNode.h */ = {isa = PBXFileReference; fileEncoding = 4; lastKnownFileType = sourcecode.c.h; path = ACTroopCarrierShipNode.h; sourceTree = "<group>"; };
		AB2AB18B1B9A258C00D7A8B6 /* ACTroopCarrierShipNode.m */ = {isa = PBXFileReference; fileEncoding = 4; lastKnownFileType = sourcecode.c.objc; path = ACTroopCarrierShipNode.m; sourceTree = "<group>"; };
		AB2AB18E1B9A25A900D7A8B6 /* ACFleetNode.h */ = {isa = PBXFileReference; fileEncoding = 4; lastKnownFileType = sourcecode.c.h; path = ACFleetNode.h; sourceTree = "<group>"; };
		AB2AB18F1B9A25A900D7A8B6 /* ACFleetNode.m */ = {isa = PBXFileReference; fileEncoding = 4; lastKnownFileType = sourcecode.c.objc; path = ACFleetNode.m; sourceTree = "<group>"; };
		AB2AB1911B9A25CB00D7A8B6 /* ACGameViewController.h */ = {isa = PBXFileReference; fileEncoding = 4; lastKnownFileType = sourcecode.c.h; path = ACGameViewController.h; sourceTree = "<group>"; };
		AB2AB1921B9A25CB00D7A8B6 /* ACGameViewController.m */ = {isa = PBXFileReference; fileEncoding = 4; lastKnownFileType = sourcecode.c.objc; path = ACGameViewController.m; sourceTree = "<group>"; };
		AB2AB1941B9A720500D7A8B6 /* ACGame.h */ = {isa = PBXFileReference; fileEncoding = 4; lastKnownFileType = sourcecode.c.h; path = ACGame.h; sourceTree = "<group>"; };
		AB2AB1951B9A720500D7A8B6 /* ACGame.m */ = {isa = PBXFileReference; fileEncoding = 4; lastKnownFileType = sourcecode.c.objc; path = ACGame.m; sourceTree = "<group>"; };
		AB2AB1D11B9A751700D7A8B6 /* button@2x.png */ = {isa = PBXFileReference; lastKnownFileType = image.png; name = "button@2x.png"; path = "../Assets/button@2x.png"; sourceTree = "<group>"; };
		AB2AB1D31B9A754900D7A8B6 /* ACButtonNode.h */ = {isa = PBXFileReference; fileEncoding = 4; lastKnownFileType = sourcecode.c.h; path = ACButtonNode.h; sourceTree = "<group>"; };
		AB2AB1D41B9A754900D7A8B6 /* ACButtonNode.m */ = {isa = PBXFileReference; fileEncoding = 4; lastKnownFileType = sourcecode.c.objc; path = ACButtonNode.m; sourceTree = "<group>"; };
		AB2AB1D61B9A85B200D7A8B6 /* ACLoadGameScene.h */ = {isa = PBXFileReference; fileEncoding = 4; lastKnownFileType = sourcecode.c.h; path = ACLoadGameScene.h; sourceTree = "<group>"; };
		AB2AB1D71B9A85B200D7A8B6 /* ACLoadGameScene.m */ = {isa = PBXFileReference; fileEncoding = 4; lastKnownFileType = sourcecode.c.objc; path = ACLoadGameScene.m; sourceTree = "<group>"; };
		AB2AB1DA1B9A8A8700D7A8B6 /* ACPlanet.h */ = {isa = PBXFileReference; fileEncoding = 4; lastKnownFileType = sourcecode.c.h; path = ACPlanet.h; sourceTree = "<group>"; };
		AB2AB1DB1B9A8A8700D7A8B6 /* ACPlanet.m */ = {isa = PBXFileReference; fileEncoding = 4; lastKnownFileType = sourcecode.c.objc; path = ACPlanet.m; sourceTree = "<group>"; };
		AB2AB1DD1B9A8A9D00D7A8B6 /* ACGalaxy.h */ = {isa = PBXFileReference; fileEncoding = 4; lastKnownFileType = sourcecode.c.h; path = ACGalaxy.h; sourceTree = "<group>"; };
		AB2AB1DE1B9A8A9D00D7A8B6 /* ACGalaxy.m */ = {isa = PBXFileReference; fileEncoding = 4; lastKnownFileType = sourcecode.c.objc; path = ACGalaxy.m; sourceTree = "<group>"; };
		AB2AB1E01B9A8AAB00D7A8B6 /* ACStar.h */ = {isa = PBXFileReference; fileEncoding = 4; lastKnownFileType = sourcecode.c.h; path = ACStar.h; sourceTree = "<group>"; };
		AB2AB1E11B9A8AAB00D7A8B6 /* ACStar.m */ = {isa = PBXFileReference; fileEncoding = 4; lastKnownFileType = sourcecode.c.objc; path = ACStar.m; sourceTree = "<group>"; };
		AB2AB1E31B9A974700D7A8B6 /* spiral-1.png */ = {isa = PBXFileReference; lastKnownFileType = image.png; path = "spiral-1.png"; sourceTree = "<group>"; };
		AB2AB1E71B9A9CFC00D7A8B6 /* ACStarMapParticle.sks */ = {isa = PBXFileReference; lastKnownFileType = file.sks; path = ACStarMapParticle.sks; sourceTree = "<group>"; };
		AB2AB1E81B9A9CFC00D7A8B6 /* spark.png */ = {isa = PBXFileReference; lastKnownFileType = image.png; path = spark.png; sourceTree = "<group>"; };
		AB2AB1EB1B9AA33600D7A8B6 /* ACStarMapNode.h */ = {isa = PBXFileReference; fileEncoding = 4; lastKnownFileType = sourcecode.c.h; path = ACStarMapNode.h; sourceTree = "<group>"; };
		AB2AB1EC1B9AA33600D7A8B6 /* ACStarMapNode.m */ = {isa = PBXFileReference; fileEncoding = 4; lastKnownFileType = sourcecode.c.objc; path = ACStarMapNode.m; sourceTree = "<group>"; };
		AB2AB1EE1B9B3E5900D7A8B6 /* ACStar.sks */ = {isa = PBXFileReference; lastKnownFileType = file.sks; path = ACStar.sks; sourceTree = "<group>"; };
		AB2AB1F01B9B491F00D7A8B6 /* gas-1.png */ = {isa = PBXFileReference; lastKnownFileType = image.png; name = "gas-1.png"; path = "Assets/gas-1.png"; sourceTree = SOURCE_ROOT; };
		ABADCA9C1B9E6B4B007F9117 /* rocky-2.jpg */ = {isa = PBXFileReference; lastKnownFileType = image.jpeg; name = "rocky-2.jpg"; path = "Assets/rocky-2.jpg"; sourceTree = SOURCE_ROOT; };
/* End PBXFileReference section */

/* Begin PBXFrameworksBuildPhase section */
		AB2AB1361B9940A800D7A8B6 /* Frameworks */ = {
			isa = PBXFrameworksBuildPhase;
			buildActionMask = 2147483647;
			files = (
				AB18CC2B1B9DFB5800C1807F /* GameKit.framework in Frameworks */,
			);
			runOnlyForDeploymentPostprocessing = 0;
		};
/* End PBXFrameworksBuildPhase section */

/* Begin PBXGroup section */
		AB18CC2C1B9E099F00C1807F /* View Controllers */ = {
			isa = PBXGroup;
			children = (
				AB2AB1911B9A25CB00D7A8B6 /* ACGameViewController.h */,
				AB2AB1921B9A25CB00D7A8B6 /* ACGameViewController.m */,
				AB18CC2D1B9E09C300C1807F /* ACLoadGameViewController.h */,
				AB18CC2E1B9E09C300C1807F /* ACLoadGameViewController.m */,
			);
			name = "View Controllers";
			sourceTree = "<group>";
		};
		AB18CC361B9E3A4400C1807F /* Ships */ = {
			isa = PBXGroup;
			children = (
				AB18CC371B9E3A6C00C1807F /* Fighter.ship */,
			);
			name = Ships;
			sourceTree = "<group>";
		};
		AB18CC3D1B9E5F0600C1807F /* Galaxies */ = {
			isa = PBXGroup;
			children = (
				AB227BFF1B9BF765003880CF /* MilkyWay.galaxy */,
			);
			name = Galaxies;
			sourceTree = "<group>";
		};
		AB18CC3E1B9E5F0F00C1807F /* Stars */ = {
			isa = PBXGroup;
			children = (
				AB18CC3F1B9E5F3D00C1807F /* VYCanisMajoris.star */,
				AB18CC411B9E5F8600C1807F /* Betelgeuse.star */,
				AB18CC431B9E5FC500C1807F /* AlphaCentauri.star */,
			);
			name = Stars;
			sourceTree = "<group>";
		};
		AB2AB1301B9940A800D7A8B6 = {
			isa = PBXGroup;
			children = (
				AB18CC2A1B9DFB5800C1807F /* GameKit.framework */,
				AB2AB13B1B9940A800D7A8B6 /* Galactic Conquest */,
				AB2AB13A1B9940A800D7A8B6 /* Products */,
			);
			sourceTree = "<group>";
		};
		AB2AB13A1B9940A800D7A8B6 /* Products */ = {
			isa = PBXGroup;
			children = (
				AB2AB1391B9940A800D7A8B6 /* Galactic Conquest.app */,
			);
			name = Products;
			sourceTree = "<group>";
		};
		AB2AB13B1B9940A800D7A8B6 /* Galactic Conquest */ = {
			isa = PBXGroup;
			children = (
				AB2AB1D01B9A750700D7A8B6 /* Assets */,
				AB2AB1401B9940A800D7A8B6 /* AppDelegate.h */,
				AB2AB1411B9940A800D7A8B6 /* AppDelegate.m */,
				AB18CC2C1B9E099F00C1807F /* View Controllers */,
				AB2AB1D91B9A8A7300D7A8B6 /* Objects */,
				AB2AB16D1B9A201900D7A8B6 /* Scenes */,
				AB2AB18D1B9A259400D7A8B6 /* Nodes */,
				AB2AB17D1B9A20D700D7A8B6 /* Sprite Nodes */,
				AB2AB14E1B9940A900D7A8B6 /* Images.xcassets */,
				AB2AB1501B9940A900D7A8B6 /* LaunchScreen.xib */,
				AB2AB13C1B9940A800D7A8B6 /* Supporting Files */,
			);
			path = "Galactic Conquest";
			sourceTree = "<group>";
		};
		AB2AB13C1B9940A800D7A8B6 /* Supporting Files */ = {
			isa = PBXGroup;
			children = (
				AB2AB13D1B9940A800D7A8B6 /* Info.plist */,
				AB2AB13E1B9940A800D7A8B6 /* main.m */,
			);
			name = "Supporting Files";
			sourceTree = "<group>";
		};
		AB2AB16D1B9A201900D7A8B6 /* Scenes */ = {
			isa = PBXGroup;
			children = (
				AB2AB16A1B9A200100D7A8B6 /* ACMainMenuScene.h */,
				AB2AB16B1B9A200100D7A8B6 /* ACMainMenuScene.m */,
				AB2AB1D61B9A85B200D7A8B6 /* ACLoadGameScene.h */,
				AB2AB1D71B9A85B200D7A8B6 /* ACLoadGameScene.m */,
				AB2AB16E1B9A202A00D7A8B6 /* ACGalaxyScene.h */,
				AB2AB16F1B9A202A00D7A8B6 /* ACGalaxyScene.m */,
				AB2AB1E81B9A9CFC00D7A8B6 /* spark.png */,
				AB2AB1711B9A203F00D7A8B6 /* ACStarSystemScene.h */,
				AB2AB1721B9A203F00D7A8B6 /* ACStarSystemScene.m */,
				AB2AB1741B9A205F00D7A8B6 /* ACPlanetScene.h */,
				AB2AB1751B9A205F00D7A8B6 /* ACPlanetScene.m */,
				AB2AB1771B9A207200D7A8B6 /* ACSpaceBattleScene.h */,
				AB2AB1781B9A207200D7A8B6 /* ACSpaceBattleScene.m */,
				AB2AB17A1B9A208B00D7A8B6 /* ACLandBattleScene.h */,
				AB2AB17B1B9A208B00D7A8B6 /* ACLandBattleScene.m */,
			);
			name = Scenes;
			sourceTree = "<group>";
		};
		AB2AB17D1B9A20D700D7A8B6 /* Sprite Nodes */ = {
			isa = PBXGroup;
			children = (
				AB2AB1D31B9A754900D7A8B6 /* ACButtonNode.h */,
				AB2AB1D41B9A754900D7A8B6 /* ACButtonNode.m */,
				AB227C011B9BFB8B003880CF /* ACInfoNode.h */,
				AB227C021B9BFB8B003880CF /* ACInfoNode.m */,
				AB2AB17E1B9A214200D7A8B6 /* ACPlanetNode.h */,
				AB2AB17F1B9A214200D7A8B6 /* ACPlanetNode.m */,
				AB2AB1EB1B9AA33600D7A8B6 /* ACStarMapNode.h */,
				AB2AB1EC1B9AA33600D7A8B6 /* ACStarMapNode.m */,
				AB2AB1E71B9A9CFC00D7A8B6 /* ACStarMapParticle.sks */,
				AB2AB1811B9A255B00D7A8B6 /* ACStarNode.h */,
				AB2AB1821B9A255B00D7A8B6 /* ACStarNode.m */,
				AB2AB1EE1B9B3E5900D7A8B6 /* ACStar.sks */,
				AB2AB1841B9A256900D7A8B6 /* ACGalaxyNode.h */,
				AB2AB1851B9A256900D7A8B6 /* ACGalaxyNode.m */,
				AB2AB1871B9A257800D7A8B6 /* ACShipNode.h */,
				AB2AB1881B9A257800D7A8B6 /* ACShipNode.m */,
				AB2AB18A1B9A258C00D7A8B6 /* ACTroopCarrierShipNode.h */,
				AB2AB18B1B9A258C00D7A8B6 /* ACTroopCarrierShipNode.m */,
			);
			name = "Sprite Nodes";
			sourceTree = "<group>";
		};
		AB2AB18D1B9A259400D7A8B6 /* Nodes */ = {
			isa = PBXGroup;
			children = (
				AB2AB18E1B9A25A900D7A8B6 /* ACFleetNode.h */,
				AB2AB18F1B9A25A900D7A8B6 /* ACFleetNode.m */,
			);
			name = Nodes;
			sourceTree = "<group>";
		};
		AB2AB1D01B9A750700D7A8B6 /* Assets */ = {
			isa = PBXGroup;
			children = (
				AB2AB1E31B9A974700D7A8B6 /* spiral-1.png */,
				AB18CC281B9C93C300C1807F /* stars.jpg */,
				AB2AB1D11B9A751700D7A8B6 /* button@2x.png */,
				ABADCA9E1B9E6B51007F9117 /* Planet Textures */,
				AB18CC3D1B9E5F0600C1807F /* Galaxies */,
				AB18CC3E1B9E5F0F00C1807F /* Stars */,
				AB18CC361B9E3A4400C1807F /* Ships */,
			);
			name = Assets;
			sourceTree = "<group>";
		};
		AB2AB1D91B9A8A7300D7A8B6 /* Objects */ = {
			isa = PBXGroup;
			children = (
				AB2AB1941B9A720500D7A8B6 /* ACGame.h */,
				AB2AB1951B9A720500D7A8B6 /* ACGame.m */,
				AB2AB1671B9A1FC700D7A8B6 /* ACPlayer.h */,
				AB2AB1681B9A1FC700D7A8B6 /* ACPlayer.m */,
				AB2AB1DA1B9A8A8700D7A8B6 /* ACPlanet.h */,
				AB2AB1DB1B9A8A8700D7A8B6 /* ACPlanet.m */,
				AB2AB1DD1B9A8A9D00D7A8B6 /* ACGalaxy.h */,
				AB2AB1DE1B9A8A9D00D7A8B6 /* ACGalaxy.m */,
				AB2AB1E01B9A8AAB00D7A8B6 /* ACStar.h */,
				AB2AB1E11B9A8AAB00D7A8B6 /* ACStar.m */,
				AB18CC301B9E32F600C1807F /* ACFleet.h */,
				AB18CC311B9E32F600C1807F /* ACFleet.m */,
				AB18CC331B9E331D00C1807F /* ACShip.h */,
				AB18CC341B9E331D00C1807F /* ACShip.m */,
			);
			name = Objects;
			sourceTree = "<group>";
		};
		ABADCA9E1B9E6B51007F9117 /* Planet Textures */ = {
			isa = PBXGroup;
			children = (
				AB2AB1F01B9B491F00D7A8B6 /* gas-1.png */,
				AB18CC3B1B9E5B0300C1807F /* rocky-1.jpg */,
				ABADCA9C1B9E6B4B007F9117 /* rocky-2.jpg */,
			);
			name = "Planet Textures";
			sourceTree = "<group>";
		};
/* End PBXGroup section */

/* Begin PBXNativeTarget section */
		AB2AB1381B9940A800D7A8B6 /* Galactic Conquest */ = {
			isa = PBXNativeTarget;
			buildConfigurationList = AB2AB1611B9940A900D7A8B6 /* Build configuration list for PBXNativeTarget "Galactic Conquest" */;
			buildPhases = (
				AB2AB1351B9940A800D7A8B6 /* Sources */,
				AB2AB1361B9940A800D7A8B6 /* Frameworks */,
				AB2AB1371B9940A800D7A8B6 /* Resources */,
			);
			buildRules = (
			);
			dependencies = (
			);
			name = "Galactic Conquest";
			productName = "Galactic Conquest";
			productReference = AB2AB1391B9940A800D7A8B6 /* Galactic Conquest.app */;
			productType = "com.apple.product-type.application";
		};
/* End PBXNativeTarget section */

/* Begin PBXProject section */
		AB2AB1311B9940A800D7A8B6 /* Project object */ = {
			isa = PBXProject;
			attributes = {
				LastUpgradeCheck = 0640;
				ORGANIZATIONNAME = "Christopher Loonam";
				TargetAttributes = {
					AB2AB1381B9940A800D7A8B6 = {
						CreatedOnToolsVersion = 6.4;
						DevelopmentTeam = HTXY67D8WT;
						SystemCapabilities = {
							com.apple.GameCenter = {
								enabled = 1;
							};
						};
					};
				};
			};
			buildConfigurationList = AB2AB1341B9940A800D7A8B6 /* Build configuration list for PBXProject "Galactic Conquest" */;
			compatibilityVersion = "Xcode 3.2";
			developmentRegion = English;
			hasScannedForEncodings = 0;
			knownRegions = (
				en,
				Base,
			);
			mainGroup = AB2AB1301B9940A800D7A8B6;
			productRefGroup = AB2AB13A1B9940A800D7A8B6 /* Products */;
			projectDirPath = "";
			projectRoot = "";
			targets = (
				AB2AB1381B9940A800D7A8B6 /* Galactic Conquest */,
			);
		};
/* End PBXProject section */

/* Begin PBXResourcesBuildPhase section */
		AB2AB1371B9940A800D7A8B6 /* Resources */ = {
			isa = PBXResourcesBuildPhase;
			buildActionMask = 2147483647;
			files = (
				AB2AB1E41B9A974700D7A8B6 /* spiral-1.png in Resources */,
				ABADCA9D1B9E6B4B007F9117 /* rocky-2.jpg in Resources */,
				AB227C001B9BF765003880CF /* MilkyWay.galaxy in Resources */,
				AB18CC441B9E5FC500C1807F /* AlphaCentauri.star in Resources */,
				AB2AB1F11B9B491F00D7A8B6 /* gas-1.png in Resources */,
				AB2AB1EA1B9A9CFC00D7A8B6 /* spark.png in Resources */,
				AB2AB1521B9940A900D7A8B6 /* LaunchScreen.xib in Resources */,
				AB2AB1E91B9A9CFC00D7A8B6 /* ACStarMapParticle.sks in Resources */,
				AB18CC381B9E3A6C00C1807F /* Fighter.ship in Resources */,
				AB2AB1EF1B9B3E5900D7A8B6 /* ACStar.sks in Resources */,
				AB2AB1D21B9A751700D7A8B6 /* button@2x.png in Resources */,
				AB18CC3C1B9E5B0300C1807F /* rocky-1.jpg in Resources */,
				AB18CC401B9E5F3D00C1807F /* VYCanisMajoris.star in Resources */,
				AB2AB14F1B9940A900D7A8B6 /* Images.xcassets in Resources */,
				AB18CC421B9E5F8600C1807F /* Betelgeuse.star in Resources */,
				AB18CC291B9C93C300C1807F /* stars.jpg in Resources */,
			);
			runOnlyForDeploymentPostprocessing = 0;
		};
/* End PBXResourcesBuildPhase section */

/* Begin PBXSourcesBuildPhase section */
		AB2AB1351B9940A800D7A8B6 /* Sources */ = {
			isa = PBXSourcesBuildPhase;
			buildActionMask = 2147483647;
			files = (
				AB2AB1831B9A255B00D7A8B6 /* ACStarNode.m in Sources */,
				AB2AB16C1B9A200100D7A8B6 /* ACMainMenuScene.m in Sources */,
				AB2AB1D81B9A85B200D7A8B6 /* ACLoadGameScene.m in Sources */,
				AB2AB1E21B9A8AAB00D7A8B6 /* ACStar.m in Sources */,
				AB2AB1791B9A207200D7A8B6 /* ACSpaceBattleScene.m in Sources */,
				AB227C031B9BFB8B003880CF /* ACInfoNode.m in Sources */,
				AB2AB1421B9940A800D7A8B6 /* AppDelegate.m in Sources */,
				AB2AB1DC1B9A8A8700D7A8B6 /* ACPlanet.m in Sources */,
				AB2AB1901B9A25A900D7A8B6 /* ACFleetNode.m in Sources */,
				AB2AB13F1B9940A800D7A8B6 /* main.m in Sources */,
				AB2AB1861B9A256900D7A8B6 /* ACGalaxyNode.m in Sources */,
				AB2AB1D51B9A754900D7A8B6 /* ACButtonNode.m in Sources */,
				AB2AB1701B9A202A00D7A8B6 /* ACGalaxyScene.m in Sources */,
				AB2AB1DF1B9A8A9D00D7A8B6 /* ACGalaxy.m in Sources */,
				AB2AB1801B9A214200D7A8B6 /* ACPlanetNode.m in Sources */,
				AB2AB1ED1B9AA33600D7A8B6 /* ACStarMapNode.m in Sources */,
				AB18CC351B9E331D00C1807F /* ACShip.m in Sources */,
				AB2AB1761B9A205F00D7A8B6 /* ACPlanetScene.m in Sources */,
				AB2AB1691B9A1FC700D7A8B6 /* ACPlayer.m in Sources */,
				AB18CC321B9E32F600C1807F /* ACFleet.m in Sources */,
				AB2AB17C1B9A208B00D7A8B6 /* ACLandBattleScene.m in Sources */,
				AB2AB18C1B9A258C00D7A8B6 /* ACTroopCarrierShipNode.m in Sources */,
				AB18CC2F1B9E09C300C1807F /* ACLoadGameViewController.m in Sources */,
				AB2AB1731B9A203F00D7A8B6 /* ACStarSystemScene.m in Sources */,
				AB2AB1961B9A720500D7A8B6 /* ACGame.m in Sources */,
				AB2AB1931B9A25CB00D7A8B6 /* ACGameViewController.m in Sources */,
				AB2AB1891B9A257800D7A8B6 /* ACShipNode.m in Sources */,
			);
			runOnlyForDeploymentPostprocessing = 0;
		};
/* End PBXSourcesBuildPhase section */

/* Begin PBXVariantGroup section */
		AB2AB1501B9940A900D7A8B6 /* LaunchScreen.xib */ = {
			isa = PBXVariantGroup;
			children = (
				AB2AB1511B9940A900D7A8B6 /* Base */,
			);
			name = LaunchScreen.xib;
			sourceTree = "<group>";
		};
/* End PBXVariantGroup section */

/* Begin XCBuildConfiguration section */
		AB2AB15F1B9940A900D7A8B6 /* Debug */ = {
			isa = XCBuildConfiguration;
			buildSettings = {
				ALWAYS_SEARCH_USER_PATHS = NO;
				CLANG_CXX_LANGUAGE_STANDARD = "gnu++0x";
				CLANG_CXX_LIBRARY = "libc++";
				CLANG_ENABLE_MODULES = YES;
				CLANG_ENABLE_OBJC_ARC = YES;
				CLANG_WARN_BOOL_CONVERSION = YES;
				CLANG_WARN_CONSTANT_CONVERSION = YES;
				CLANG_WARN_DIRECT_OBJC_ISA_USAGE = YES_ERROR;
				CLANG_WARN_EMPTY_BODY = YES;
				CLANG_WARN_ENUM_CONVERSION = YES;
				CLANG_WARN_INT_CONVERSION = YES;
				CLANG_WARN_OBJC_ROOT_CLASS = YES_ERROR;
				CLANG_WARN_UNREACHABLE_CODE = YES;
				CLANG_WARN__DUPLICATE_METHOD_MATCH = YES;
				"CODE_SIGN_IDENTITY[sdk=iphoneos*]" = "iPhone Developer";
				COPY_PHASE_STRIP = NO;
				DEBUG_INFORMATION_FORMAT = "dwarf-with-dsym";
				ENABLE_STRICT_OBJC_MSGSEND = YES;
				GCC_C_LANGUAGE_STANDARD = gnu99;
				GCC_DYNAMIC_NO_PIC = NO;
				GCC_NO_COMMON_BLOCKS = YES;
				GCC_OPTIMIZATION_LEVEL = 0;
				GCC_PREPROCESSOR_DEFINITIONS = (
					"DEBUG=1",
					"$(inherited)",
				);
				GCC_SYMBOLS_PRIVATE_EXTERN = NO;
				GCC_WARN_64_TO_32_BIT_CONVERSION = YES;
				GCC_WARN_ABOUT_RETURN_TYPE = YES_ERROR;
				GCC_WARN_UNDECLARED_SELECTOR = YES;
				GCC_WARN_UNINITIALIZED_AUTOS = YES_AGGRESSIVE;
				GCC_WARN_UNUSED_FUNCTION = YES;
				GCC_WARN_UNUSED_VARIABLE = YES;
				IPHONEOS_DEPLOYMENT_TARGET = 8.4;
				MTL_ENABLE_DEBUG_INFO = YES;
				ONLY_ACTIVE_ARCH = YES;
				SDKROOT = iphoneos;
			};
			name = Debug;
		};
		AB2AB1601B9940A900D7A8B6 /* Release */ = {
			isa = XCBuildConfiguration;
			buildSettings = {
				ALWAYS_SEARCH_USER_PATHS = NO;
				CLANG_CXX_LANGUAGE_STANDARD = "gnu++0x";
				CLANG_CXX_LIBRARY = "libc++";
				CLANG_ENABLE_MODULES = YES;
				CLANG_ENABLE_OBJC_ARC = YES;
				CLANG_WARN_BOOL_CONVERSION = YES;
				CLANG_WARN_CONSTANT_CONVERSION = YES;
				CLANG_WARN_DIRECT_OBJC_ISA_USAGE = YES_ERROR;
				CLANG_WARN_EMPTY_BODY = YES;
				CLANG_WARN_ENUM_CONVERSION = YES;
				CLANG_WARN_INT_CONVERSION = YES;
				CLANG_WARN_OBJC_ROOT_CLASS = YES_ERROR;
				CLANG_WARN_UNREACHABLE_CODE = YES;
				CLANG_WARN__DUPLICATE_METHOD_MATCH = YES;
				"CODE_SIGN_IDENTITY[sdk=iphoneos*]" = "iPhone Developer";
				COPY_PHASE_STRIP = NO;
				DEBUG_INFORMATION_FORMAT = "dwarf-with-dsym";
				ENABLE_NS_ASSERTIONS = NO;
				ENABLE_STRICT_OBJC_MSGSEND = YES;
				GCC_C_LANGUAGE_STANDARD = gnu99;
				GCC_NO_COMMON_BLOCKS = YES;
				GCC_WARN_64_TO_32_BIT_CONVERSION = YES;
				GCC_WARN_ABOUT_RETURN_TYPE = YES_ERROR;
				GCC_WARN_UNDECLARED_SELECTOR = YES;
				GCC_WARN_UNINITIALIZED_AUTOS = YES_AGGRESSIVE;
				GCC_WARN_UNUSED_FUNCTION = YES;
				GCC_WARN_UNUSED_VARIABLE = YES;
				IPHONEOS_DEPLOYMENT_TARGET = 8.4;
				MTL_ENABLE_DEBUG_INFO = NO;
				SDKROOT = iphoneos;
				VALIDATE_PRODUCT = YES;
			};
			name = Release;
		};
		AB2AB1621B9940A900D7A8B6 /* Debug */ = {
			isa = XCBuildConfiguration;
			buildSettings = {
				ASSETCATALOG_COMPILER_APPICON_NAME = AppIcon;
				CODE_SIGN_IDENTITY = "iPhone Developer";
				"CODE_SIGN_IDENTITY[sdk=iphoneos*]" = "iPhone Developer";
				INFOPLIST_FILE = "Galactic Conquest/Info.plist";
				IPHONEOS_DEPLOYMENT_TARGET = 7.0;
				LD_RUNPATH_SEARCH_PATHS = "$(inherited) @executable_path/Frameworks";
				PRODUCT_NAME = "$(TARGET_NAME)";
				PROVISIONING_PROFILE = "";
				WARNING_CFLAGS = "-Wno-arc-performSelector-leaks";
			};
			name = Debug;
		};
		AB2AB1631B9940A900D7A8B6 /* Release */ = {
			isa = XCBuildConfiguration;
			buildSettings = {
				ASSETCATALOG_COMPILER_APPICON_NAME = AppIcon;
				CODE_SIGN_IDENTITY = "iPhone Developer";
				"CODE_SIGN_IDENTITY[sdk=iphoneos*]" = "iPhone Developer";
				INFOPLIST_FILE = "Galactic Conquest/Info.plist";
				IPHONEOS_DEPLOYMENT_TARGET = 7.0;
				LD_RUNPATH_SEARCH_PATHS = "$(inherited) @executable_path/Frameworks";
				PRODUCT_NAME = "$(TARGET_NAME)";
				PROVISIONING_PROFILE = "";
				WARNING_CFLAGS = "-Wno-arc-performSelector-leaks";
			};
			name = Release;
		};
/* End XCBuildConfiguration section */

/* Begin XCConfigurationList section */
		AB2AB1341B9940A800D7A8B6 /* Build configuration list for PBXProject "Galactic Conquest" */ = {
			isa = XCConfigurationList;
			buildConfigurations = (
				AB2AB15F1B9940A900D7A8B6 /* Debug */,
				AB2AB1601B9940A900D7A8B6 /* Release */,
			);
			defaultConfigurationIsVisible = 0;
			defaultConfigurationName = Release;
		};
		AB2AB1611B9940A900D7A8B6 /* Build configuration list for PBXNativeTarget "Galactic Conquest" */ = {
			isa = XCConfigurationList;
			buildConfigurations = (
				AB2AB1621B9940A900D7A8B6 /* Debug */,
				AB2AB1631B9940A900D7A8B6 /* Release */,
			);
			defaultConfigurationIsVisible = 0;
			defaultConfigurationName = Release;
		};
/* End XCConfigurationList section */
	};
	rootObject = AB2AB1311B9940A800D7A8B6 /* Project object */;
}
